
Microsoft Visual Studio Solution File, Format Version 12.00
# Visual Studio Version 16
VisualStudioVersion = 16.0.31005.135
MinimumVisualStudioVersion = 10.0.40219.1
Project("{8BC9CEB8-8B4A-11D0-8D11-00A0C91BC942}") = "DLLExample", "DLLExample\DLLExample.vcxproj", "{42F6B990-2406-40F3-8CCE-882F5CFC2672}"
EndProject
Project("{8BC9CEB8-8B4A-11D0-8D11-00A0C91BC942}") = "MyDLL", "MyDLL\MyDLL.vcxproj", "{677BFB17-EF3B-402E-B5CD-B66D53B2C4B3}"
EndProject
Global
	GlobalSection(SolutionConfigurationPlatforms) = preSolution
		Debug|x64 = Debug|x64
		Debug|x86 = Debug|x86
		Release|x64 = Release|x64
		Release|x86 = Release|x86
	EndGlobalSection
	GlobalSection(ProjectConfigurationPlatforms) = postSolution
		{42F6B990-2406-40F3-8CCE-882F5CFC2672}.Debug|x64.ActiveCfg = Debug|x64
		{42F6B990-2406-40F3-8CCE-882F5CFC2672}.Debug|x64.Build.0 = Debug|x64
		{42F6B990-2406-40F3-8CCE-882F5CFC2672}.Debug|x86.ActiveCfg = Debug|Win32
		{42F6B990-2406-40F3-8CCE-882F5CFC2672}.Debug|x86.Build.0 = Debug|Win32
		{42F6B990-2406-40F3-8CCE-882F5CFC2672}.Release|x64.ActiveCfg = Release|x64
		{42F6B990-2406-40F3-8CCE-882F5CFC2672}.Release|x64.Build.0 = Release|x64
		{42F6B990-2406-40F3-8CCE-882F5CFC2672}.Release|x86.ActiveCfg = Release|Win32
		{42F6B990-2406-40F3-8CCE-882F5CFC2672}.Release|x86.Build.0 = Release|Win32
		{677BFB17-EF3B-402E-B5CD-B66D53B2C4B3}.Debug|x64.ActiveCfg = Debug|x64
		{677BFB17-EF3B-402E-B5CD-B66D53B2C4B3}.Debug|x64.Build.0 = Debug|x64
		{677BFB17-EF3B-402E-B5CD-B66D53B2C4B3}.Debug|x86.ActiveCfg = Debug|Win32
		{677BFB17-EF3B-402E-B5CD-B66D53B2C4B3}.Debug|x86.Build.0 = Debug|Win32
		{677BFB17-EF3B-402E-B5CD-B66D53B2C4B3}.Release|x64.ActiveCfg = Release|x64
		{677BFB17-EF3B-402E-B5CD-B66D53B2C4B3}.Release|x64.Build.0 = Release|x64
		{677BFB17-EF3B-402E-B5CD-B66D53B2C4B3}.Release|x86.ActiveCfg = Release|Win32
		{677BFB17-EF3B-402E-B5CD-B66D53B2C4B3}.Release|x86.Build.0 = Release|Win32
	EndGlobalSection
	GlobalSection(SolutionProperties) = preSolution
		HideSolutionNode = FALSE
	EndGlobalSection
	GlobalSection(ExtensibilityGlobals) = postSolution
		SolutionGuid = {5C99F662-E2E3-4876-AA56-07310369C9A6}
	EndGlobalSection
EndGlobal
